
Microsoft Visual Studio Solution File, Format Version 12.00
# Visual Studio Version 17
VisualStudioVersion = 17.5.002.0
MinimumVisualStudioVersion = 10.0.40219.1
Project("{9A19103F-16F7-4668-BE54-9A1E7A4F7556}") = "leanringapp", "leanringapp.csproj", "{FFDC8D3E-2813-4D03-90B7-5C4BDE2BE611}"
EndProject
Global
	GlobalSection(SolutionConfigurationPlatforms) = preSolution
		Debug|Any CPU = Debug|Any CPU
		Release|Any CPU = Release|Any CPU
	EndGlobalSection
	GlobalSection(ProjectConfigurationPlatforms) = postSolution
		{FFDC8D3E-2813-4D03-90B7-5C4BDE2BE611}.Debug|Any CPU.ActiveCfg = Debug|Any CPU
		{FFDC8D3E-2813-4D03-90B7-5C4BDE2BE611}.Debug|Any CPU.Build.0 = Debug|Any CPU
		{FFDC8D3E-2813-4D03-90B7-5C4BDE2BE611}.Release|Any CPU.ActiveCfg = Release|Any CPU
		{FFDC8D3E-2813-4D03-90B7-5C4BDE2BE611}.Release|Any CPU.Build.0 = Release|Any CPU
	EndGlobalSection
	GlobalSection(SolutionProperties) = preSolution
		HideSolutionNode = FALSE
	EndGlobalSection
	GlobalSection(ExtensibilityGlobals) = postSolution
		SolutionGuid = {BE00BD5F-EBF0-4A4D-AC4F-1C8F4293D2DC}
	EndGlobalSection
EndGlobal
